
Microsoft Visual Studio Solution File, Format Version 12.00
# Visual Studio Version 16
VisualStudioVersion = 16.0.29728.190
MinimumVisualStudioVersion = 10.0.40219.1
Project("{FAE04EC0-301F-11D3-BF4B-00C04F79EFBC}") = "Week 3 Code Along", "Week 3 Code Along\Week 3 Code Along.csproj", "{6AC45D15-67FB-4463-90EA-C41D040198CD}"
EndProject
Global
	GlobalSection(SolutionConfigurationPlatforms) = preSolution
		Debug|Any CPU = Debug|Any CPU
		Release|Any CPU = Release|Any CPU
	EndGlobalSection
	GlobalSection(ProjectConfigurationPlatforms) = postSolution
		{6AC45D15-67FB-4463-90EA-C41D040198CD}.Debug|Any CPU.ActiveCfg = Debug|Any CPU
		{6AC45D15-67FB-4463-90EA-C41D040198CD}.Debug|Any CPU.Build.0 = Debug|Any CPU
		{6AC45D15-67FB-4463-90EA-C41D040198CD}.Release|Any CPU.ActiveCfg = Release|Any CPU
		{6AC45D15-67FB-4463-90EA-C41D040198CD}.Release|Any CPU.Build.0 = Release|Any CPU
	EndGlobalSection
	GlobalSection(SolutionProperties) = preSolution
		HideSolutionNode = FALSE
	EndGlobalSection
	GlobalSection(ExtensibilityGlobals) = postSolution
		SolutionGuid = {B061545F-ED68-418C-850D-25059B65BC20}
	EndGlobalSection
EndGlobal
